// !$*UTF8*$!
{
	archiveVersion = 1;
	classes = {
	};
	objectVersion = 46;
	objects = {

/* Begin PBXBuildFile section */
		46FFF1491D2AD60C00FEA80B /* AppDelegate.swift in Sources */ = {isa = PBXBuildFile; fileRef = 46FFF1481D2AD60C00FEA80B /* AppDelegate.swift */; };
		46FFF14B1D2AD60C00FEA80B /* ViewController.swift in Sources */ = {isa = PBXBuildFile; fileRef = 46FFF14A1D2AD60C00FEA80B /* ViewController.swift */; };
		46FFF14E1D2AD60C00FEA80B /* Main.storyboard in Resources */ = {isa = PBXBuildFile; fileRef = 46FFF14C1D2AD60C00FEA80B /* Main.storyboard */; };
		46FFF1501D2AD60C00FEA80B /* Assets.xcassets in Resources */ = {isa = PBXBuildFile; fileRef = 46FFF14F1D2AD60C00FEA80B /* Assets.xcassets */; };
		46FFF1531D2AD60C00FEA80B /* LaunchScreen.storyboard in Resources */ = {isa = PBXBuildFile; fileRef = 46FFF1511D2AD60C00FEA80B /* LaunchScreen.storyboard */; };
/* End PBXBuildFile section */

/* Begin PBXFileReference section */
		46FFF1451D2AD60C00FEA80B /* my-hood.app */ = {isa = PBXFileReference; explicitFileType = wrapper.application; includeInIndex = 0; path = "my-hood.app"; sourceTree = BUILT_PRODUCTS_DIR; };
		46FFF1481D2AD60C00FEA80B /* AppDelegate.swift */ = {isa = PBXFileReference; lastKnownFileType = sourcecode.swift; path = AppDelegate.swift; sourceTree = "<group>"; };
		46FFF14A1D2AD60C00FEA80B /* ViewController.swift */ = {isa = PBXFileReference; lastKnownFileType = sourcecode.swift; path = ViewController.swift; sourceTree = "<group>"; };
		46FFF14D1D2AD60C00FEA80B /* Base */ = {isa = PBXFileReference; lastKnownFileType = file.storyboard; name = Base; path = Base.lproj/Main.storyboard; sourceTree = "<group>"; };
		46FFF14F1D2AD60C00FEA80B /* Assets.xcassets */ = {isa = PBXFileReference; lastKnownFileType = folder.assetcatalog; path = Assets.xcassets; sourceTree = "<group>"; };
		46FFF1521D2AD60C00FEA80B /* Base */ = {isa = PBXFileReference; lastKnownFileType = file.storyboard; name = Base; path = Base.lproj/LaunchScreen.storyboard; sourceTree = "<group>"; };
		46FFF1541D2AD60C00FEA80B /* Info.plist */ = {isa = PBXFileReference; lastKnownFileType = text.plist.xml; path = Info.plist; sourceTree = "<group>"; };
/* End PBXFileReference section */

/* Begin PBXFrameworksBuildPhase section */
		46FFF1421D2AD60B00FEA80B /* Frameworks */ = {
			isa = PBXFrameworksBuildPhase;
			buildActionMask = 2147483647;
			files = (
			);
			runOnlyForDeploymentPostprocessing = 0;
		};
/* End PBXFrameworksBuildPhase section */

/* Begin PBXGroup section */
		46FFF13C1D2AD60B00FEA80B = {
			isa = PBXGroup;
			children = (
				46FFF1471D2AD60C00FEA80B /* my-hood */,
				46FFF1461D2AD60C00FEA80B /* Products */,
			);
			sourceTree = "<group>";
		};
		46FFF1461D2AD60C00FEA80B /* Products */ = {
			isa = PBXGroup;
			children = (
				46FFF1451D2AD60C00FEA80B /* my-hood.app */,
			);
			name = Products;
			sourceTree = "<group>";
		};
		46FFF1471D2AD60C00FEA80B /* my-hood */ = {
			isa = PBXGroup;
			children = (
				46FFF1481D2AD60C00FEA80B /* AppDelegate.swift */,
				46FFF14A1D2AD60C00FEA80B /* ViewController.swift */,
				46FFF14C1D2AD60C00FEA80B /* Main.storyboard */,
				46FFF14F1D2AD60C00FEA80B /* Assets.xcassets */,
				46FFF1511D2AD60C00FEA80B /* LaunchScreen.storyboard */,
				46FFF1541D2AD60C00FEA80B /* Info.plist */,
			);
			path = "my-hood";
			sourceTree = "<group>";
		};
/* End PBXGroup section */

/* Begin PBXNativeTarget section */
		46FFF1441D2AD60B00FEA80B /* my-hood */ = {
			isa = PBXNativeTarget;
			buildConfigurationList = 46FFF1571D2AD60C00FEA80B /* Build configuration list for PBXNativeTarget "my-hood" */;
			buildPhases = (
				46FFF1411D2AD60B00FEA80B /* Sources */,
				46FFF1421D2AD60B00FEA80B /* Frameworks */,
				46FFF1431D2AD60B00FEA80B /* Resources */,
			);
			buildRules = (
			);
			dependencies = (
			);
			name = "my-hood";
			productName = "my-hood";
			productReference = 46FFF1451D2AD60C00FEA80B /* my-hood.app */;
			productType = "com.apple.product-type.application";
		};
/* End PBXNativeTarget section */

/* Begin PBXProject section */
		46FFF13D1D2AD60B00FEA80B /* Project object */ = {
			isa = PBXProject;
			attributes = {
				LastSwiftUpdateCheck = 0730;
				LastUpgradeCheck = 0730;
				ORGANIZATIONNAME = "Christian Morera Figueroa";
				TargetAttributes = {
					46FFF1441D2AD60B00FEA80B = {
						CreatedOnToolsVersion = 7.3.1;
						DevelopmentTeam = 6PD8252W3E;
					};
				};
			};
			buildConfigurationList = 46FFF1401D2AD60B00FEA80B /* Build configuration list for PBXProject "my-hood" */;
			compatibilityVersion = "Xcode 3.2";
			developmentRegion = English;
			hasScannedForEncodings = 0;
			knownRegions = (
				en,
				Base,
			);
			mainGroup = 46FFF13C1D2AD60B00FEA80B;
			productRefGroup = 46FFF1461D2AD60C00FEA80B /* Products */;
			projectDirPath = "";
			projectRoot = "";
			targets = (
				46FFF1441D2AD60B00FEA80B /* my-hood */,
			);
		};
/* End PBXProject section */

/* Begin PBXResourcesBuildPhase section */
		46FFF1431D2AD60B00FEA80B /* Resources */ = {
			isa = PBXResourcesBuildPhase;
			buildActionMask = 2147483647;
			files = (
				46FFF1531D2AD60C00FEA80B /* LaunchScreen.storyboard in Resources */,
				46FFF1501D2AD60C00FEA80B /* Assets.xcassets in Resources */,
				46FFF14E1D2AD60C00FEA80B /* Main.storyboard in Resources */,
			);
			runOnlyForDeploymentPostprocessing = 0;
		};
/* End PBXResourcesBuildPhase section */

/* Begin PBXSourcesBuildPhase section */
		46FFF1411D2AD60B00FEA80B /* Sources */ = {
			isa = PBXSourcesBuildPhase;
			buildActionMask = 2147483647;
			files = (
				46FFF14B1D2AD60C00FEA80B /* ViewController.swift in Sources */,
				46FFF1491D2AD60C00FEA80B /* AppDelegate.swift in Sources */,
			);
			runOnlyForDeploymentPostprocessing = 0;
		};
/* End PBXSourcesBuildPhase section */

/* Begin PBXVariantGroup section */
		46FFF14C1D2AD60C00FEA80B /* Main.storyboard */ = {
			isa = PBXVariantGroup;
			children = (
				46FFF14D1D2AD60C00FEA80B /* Base */,
			);
			name = Main.storyboard;
			sourceTree = "<group>";
		};
		46FFF1511D2AD60C00FEA80B /* LaunchScreen.storyboard */ = {
			isa = PBXVariantGroup;
			children = (
				46FFF1521D2AD60C00FEA80B /* Base */,
			);
			name = LaunchScreen.storyboard;
			sourceTree = "<group>";
		};
/* End PBXVariantGroup section */

/* Begin XCBuildConfiguration section */
		46FFF1551D2AD60C00FEA80B /* Debug */ = {
			isa = XCBuildConfiguration;
			buildSettings = {
				ALWAYS_SEARCH_USER_PATHS = NO;
				CLANG_ANALYZER_NONNULL = YES;
				CLANG_CXX_LANGUAGE_STANDARD = "gnu++0x";
				CLANG_CXX_LIBRARY = "libc++";
				CLANG_ENABLE_MODULES = YES;
				CLANG_ENABLE_OBJC_ARC = YES;
				CLANG_WARN_BOOL_CONVERSION = YES;
				CLANG_WARN_CONSTANT_CONVERSION = YES;
				CLANG_WARN_DIRECT_OBJC_ISA_USAGE = YES_ERROR;
				CLANG_WARN_EMPTY_BODY = YES;
				CLANG_WARN_ENUM_CONVERSION = YES;
				CLANG_WARN_INT_CONVERSION = YES;
				CLANG_WARN_OBJC_ROOT_CLASS = YES_ERROR;
				CLANG_WARN_UNREACHABLE_CODE = YES;
				CLANG_WARN__DUPLICATE_METHOD_MATCH = YES;
				"CODE_SIGN_IDENTITY[sdk=iphoneos*]" = "iPhone Developer";
				COPY_PHASE_STRIP = NO;
				DEBUG_INFORMATION_FORMAT = dwarf;
				ENABLE_STRICT_OBJC_MSGSEND = YES;
				ENABLE_TESTABILITY = YES;
				GCC_C_LANGUAGE_STANDARD = gnu99;
				GCC_DYNAMIC_NO_PIC = NO;
				GCC_NO_COMMON_BLOCKS = YES;
				GCC_OPTIMIZATION_LEVEL = 0;
				GCC_PREPROCESSOR_DEFINITIONS = (
					"DEBUG=1",
					"$(inherited)",
				);
				GCC_WARN_64_TO_32_BIT_CONVERSION = YES;
				GCC_WARN_ABOUT_RETURN_TYPE = YES_ERROR;
				GCC_WARN_UNDECLARED_SELECTOR = YES;
				GCC_WARN_UNINITIALIZED_AUTOS = YES_AGGRESSIVE;
				GCC_WARN_UNUSED_FUNCTION = YES;
				GCC_WARN_UNUSED_VARIABLE = YES;
				IPHONEOS_DEPLOYMENT_TARGET = 9.3;
				MTL_ENABLE_DEBUG_INFO = YES;
				ONLY_ACTIVE_ARCH = YES;
				SDKROOT = iphoneos;
				SWIFT_OPTIMIZATION_LEVEL = "-Onone";
				TARGETED_DEVICE_FAMILY = "1,2";
			};
			name = Debug;
		};
		46FFF1561D2AD60C00FEA80B /* Release */ = {
			isa = XCBuildConfiguration;
			buildSettings = {
				ALWAYS_SEARCH_USER_PATHS = NO;
				CLANG_ANALYZER_NONNULL = YES;
				CLANG_CXX_LANGUAGE_STANDARD = "gnu++0x";
				CLANG_CXX_LIBRARY = "libc++";
				CLANG_ENABLE_MODULES = YES;
				CLANG_ENABLE_OBJC_ARC = YES;
				CLANG_WARN_BOOL_CONVERSION = YES;
				CLANG_WARN_CONSTANT_CONVERSION = YES;
				CLANG_WARN_DIRECT_OBJC_ISA_USAGE = YES_ERROR;
				CLANG_WARN_EMPTY_BODY = YES;
				CLANG_WARN_ENUM_CONVERSION = YES;
				CLANG_WARN_INT_CONVERSION = YES;
				CLANG_WARN_OBJC_ROOT_CLASS = YES_ERROR;
				CLANG_WARN_UNREACHABLE_CODE = YES;
				CLANG_WARN__DUPLICATE_METHOD_MATCH = YES;
				"CODE_SIGN_IDENTITY[sdk=iphoneos*]" = "iPhone Developer";
				COPY_PHASE_STRIP = NO;
				DEBUG_INFORMATION_FORMAT = "dwarf-with-dsym";
				ENABLE_NS_ASSERTIONS = NO;
				ENABLE_STRICT_OBJC_MSGSEND = YES;
				GCC_C_LANGUAGE_STANDARD = gnu99;
				GCC_NO_COMMON_BLOCKS = YES;
				GCC_WARN_64_TO_32_BIT_CONVERSION = YES;
				GCC_WARN_ABOUT_RETURN_TYPE = YES_ERROR;
				GCC_WARN_UNDECLARED_SELECTOR = YES;
				GCC_WARN_UNINITIALIZED_AUTOS = YES_AGGRESSIVE;
				GCC_WARN_UNUSED_FUNCTION = YES;
				GCC_WARN_UNUSED_VARIABLE = YES;
				IPHONEOS_DEPLOYMENT_TARGET = 9.3;
				MTL_ENABLE_DEBUG_INFO = NO;
				SDKROOT = iphoneos;
				TARGETED_DEVICE_FAMILY = "1,2";
				VALIDATE_PRODUCT = YES;
			};
			name = Release;
		};
		46FFF1581D2AD60C00FEA80B /* Debug */ = {
			isa = XCBuildConfiguration;
			buildSettings = {
				ASSETCATALOG_COMPILER_APPICON_NAME = AppIcon;
				INFOPLIST_FILE = "my-hood/Info.plist";
				LD_RUNPATH_SEARCH_PATHS = "$(inherited) @executable_path/Frameworks";
				PRODUCT_BUNDLE_IDENTIFIER = "chrmorfeus.my-hood";
				PRODUCT_NAME = "$(TARGET_NAME)";
			};
			name = Debug;
		};
		46FFF1591D2AD60C00FEA80B /* Release */ = {
			isa = XCBuildConfiguration;
			buildSettings = {
				ASSETCATALOG_COMPILER_APPICON_NAME = AppIcon;
				INFOPLIST_FILE = "my-hood/Info.plist";
				LD_RUNPATH_SEARCH_PATHS = "$(inherited) @executable_path/Frameworks";
				PRODUCT_BUNDLE_IDENTIFIER = "chrmorfeus.my-hood";
				PRODUCT_NAME = "$(TARGET_NAME)";
			};
			name = Release;
		};
/* End XCBuildConfiguration section */

/* Begin XCConfigurationList section */
		46FFF1401D2AD60B00FEA80B /* Build configuration list for PBXProject "my-hood" */ = {
			isa = XCConfigurationList;
			buildConfigurations = (
				46FFF1551D2AD60C00FEA80B /* Debug */,
				46FFF1561D2AD60C00FEA80B /* Release */,
			);
			defaultConfigurationIsVisible = 0;
			defaultConfigurationName = Release;
		};
		46FFF1571D2AD60C00FEA80B /* Build configuration list for PBXNativeTarget "my-hood" */ = {
			isa = XCConfigurationList;
			buildConfigurations = (
				46FFF1581D2AD60C00FEA80B /* Debug */,
				46FFF1591D2AD60C00FEA80B /* Release */,
			);
			defaultConfigurationIsVisible = 0;
		};
/* End XCConfigurationList section */
	};
	rootObject = 46FFF13D1D2AD60B00FEA80B /* Project object */;
}
